{
  "name": "node-tw-e-invoice",
  "version": "1.0.0",
  "lockfileVersion": 1,
  "requires": true,
  "dependencies": {
    "@types/joi": {
      "version": "13.0.5",
      "resolved": "https://registry.npmjs.org/@types/joi/-/joi-13.0.5.tgz",
      "integrity": "sha512-xhGKDKk8qEK35GFYIkpQXdS03PnL+1eXt8VOHnuvuMOjNCztmTpqiDk2vlDy3GbSctSTBJCkY0PXkaRVJpl2xA==",
      "dev": true
    },
    "@types/node": {
      "version": "8.9.1",
      "resolved": "https://registry.npmjs.org/@types/node/-/node-8.9.1.tgz",
      "integrity": "sha1-WjKdc6l/PFpibf4O2MC4Mf7lNXo=",
      "dev": true
    },
    "dotenv": {
      "version": "5.0.0",
      "resolved": "https://registry.npmjs.org/dotenv/-/dotenv-5.0.0.tgz",
      "integrity": "sha1-AgbrWzNmOb83dhiiowT/AMah/ds=",
      "dev": true
    },
    "hoek": {
      "version": "5.0.3",
      "resolved": "https://registry.npmjs.org/hoek/-/hoek-5.0.3.tgz",
      "integrity": "sha512-Bmr56pxML1c9kU+NS51SMFkiVQAb+9uFfXwyqR2tn4w2FPvmPt65eZ9aCcEfRXd9G74HkZnILC6p967pED4aiw=="
    },
    "isemail": {
      "version": "3.1.1",
      "resolved": "https://registry.npmjs.org/isemail/-/isemail-3.1.1.tgz",
      "integrity": "sha512-mVjAjvdPkpwXW61agT2E9AkGoegZO7SdJGCezWwxnETL58f5KwJ4vSVAMBUL5idL6rTlYAIGkX3n4suiviMLNw==",
      "requires": {
        "punycode": "2.1.0"
      }
    },
    "joi": {
      "version": "13.1.2",
      "resolved": "https://registry.npmjs.org/joi/-/joi-13.1.2.tgz",
      "integrity": "sha512-bZZSQYW5lPXenOfENvgCBPb9+H6E6MeNWcMtikI04fKphj5tvFL9TOb+H2apJzbCrRw/jebjTH8z6IHLpBytGg==",
      "requires": {
        "hoek": "5.0.3",
        "isemail": "3.1.1",
        "topo": "3.0.0"
      }
    },
    "punycode": {
      "version": "2.1.0",
      "resolved": "https://registry.npmjs.org/punycode/-/punycode-2.1.0.tgz",
      "integrity": "sha1-X4Y+3Im5bbCQdLrXlHvwkFbKTn0="
    },
    "topo": {
      "version": "3.0.0",
      "resolved": "https://registry.npmjs.org/topo/-/topo-3.0.0.tgz",
      "integrity": "sha512-Tlu1fGlR90iCdIPURqPiufqAlCZYzLjHYVVbcFWDMcX7+tK8hdZWAfsMrD/pBul9jqHHwFjNdf1WaxA9vTRRhw==",
      "requires": {
        "hoek": "5.0.3"
      }
    }
  }
}
